// !$*UTF8*$!
{
	archiveVersion = 1;
	classes = {
	};
	objectVersion = 46;
	objects = {

/* Begin PBXBuildFile section */
		FC7967C01ED3D6F800FE4AAA /* main.cpp in Sources */ = {isa = PBXBuildFile; fileRef = FC7967BF1ED3D6F800FE4AAA /* main.cpp */; };
		FC7967C81ED3D71300FE4AAA /* ClientData.cpp in Sources */ = {isa = PBXBuildFile; fileRef = FC7967C61ED3D71300FE4AAA /* ClientData.cpp */; };
/* End PBXBuildFile section */

/* Begin PBXCopyFilesBuildPhase section */
		FC7967BA1ED3D6F800FE4AAA /* CopyFiles */ = {
			isa = PBXCopyFilesBuildPhase;
			buildActionMask = 2147483647;
			dstPath = /usr/share/man/man1/;
			dstSubfolderSpec = 0;
			files = (
			);
			runOnlyForDeploymentPostprocessing = 1;
		};
/* End PBXCopyFilesBuildPhase section */

/* Begin PBXFileReference section */
		FC7967BC1ED3D6F800FE4AAA /* Deitel - Client Data */ = {isa = PBXFileReference; explicitFileType = "compiled.mach-o.executable"; includeInIndex = 0; path = "Deitel - Client Data"; sourceTree = BUILT_PRODUCTS_DIR; };
		FC7967BF1ED3D6F800FE4AAA /* main.cpp */ = {isa = PBXFileReference; lastKnownFileType = sourcecode.cpp.cpp; path = main.cpp; sourceTree = "<group>"; };
		FC7967C61ED3D71300FE4AAA /* ClientData.cpp */ = {isa = PBXFileReference; fileEncoding = 4; lastKnownFileType = sourcecode.cpp.cpp; path = ClientData.cpp; sourceTree = "<group>"; };
		FC7967C71ED3D71300FE4AAA /* ClientData.h */ = {isa = PBXFileReference; fileEncoding = 4; lastKnownFileType = sourcecode.c.h; path = ClientData.h; sourceTree = "<group>"; };
/* End PBXFileReference section */

/* Begin PBXFrameworksBuildPhase section */
		FC7967B91ED3D6F800FE4AAA /* Frameworks */ = {
			isa = PBXFrameworksBuildPhase;
			buildActionMask = 2147483647;
			files = (
			);
			runOnlyForDeploymentPostprocessing = 0;
		};
/* End PBXFrameworksBuildPhase section */

/* Begin PBXGroup section */
		FC7967B31ED3D6F800FE4AAA = {
			isa = PBXGroup;
			children = (
				FC7967BE1ED3D6F800FE4AAA /* Deitel - Client Data */,
				FC7967BD1ED3D6F800FE4AAA /* Products */,
			);
			sourceTree = "<group>";
		};
		FC7967BD1ED3D6F800FE4AAA /* Products */ = {
			isa = PBXGroup;
			children = (
				FC7967BC1ED3D6F800FE4AAA /* Deitel - Client Data */,
			);
			name = Products;
			sourceTree = "<group>";
		};
		FC7967BE1ED3D6F800FE4AAA /* Deitel - Client Data */ = {
			isa = PBXGroup;
			children = (
				FC7967BF1ED3D6F800FE4AAA /* main.cpp */,
				FC7967C71ED3D71300FE4AAA /* ClientData.h */,
				FC7967C61ED3D71300FE4AAA /* ClientData.cpp */,
			);
			path = "Deitel - Client Data";
			sourceTree = "<group>";
		};
/* End PBXGroup section */

/* Begin PBXNativeTarget section */
		FC7967BB1ED3D6F800FE4AAA /* Deitel - Client Data */ = {
			isa = PBXNativeTarget;
			buildConfigurationList = FC7967C31ED3D6F800FE4AAA /* Build configuration list for PBXNativeTarget "Deitel - Client Data" */;
			buildPhases = (
				FC7967B81ED3D6F800FE4AAA /* Sources */,
				FC7967B91ED3D6F800FE4AAA /* Frameworks */,
				FC7967BA1ED3D6F800FE4AAA /* CopyFiles */,
			);
			buildRules = (
			);
			dependencies = (
			);
			name = "Deitel - Client Data";
			productName = "Deitel - Client Data";
			productReference = FC7967BC1ED3D6F800FE4AAA /* Deitel - Client Data */;
			productType = "com.apple.product-type.tool";
		};
/* End PBXNativeTarget section */

/* Begin PBXProject section */
		FC7967B41ED3D6F800FE4AAA /* Project object */ = {
			isa = PBXProject;
			attributes = {
				LastUpgradeCheck = 0820;
				ORGANIZATIONNAME = "Rafael Pagan";
				TargetAttributes = {
					FC7967BB1ED3D6F800FE4AAA = {
						CreatedOnToolsVersion = 8.2.1;
						ProvisioningStyle = Automatic;
					};
				};
			};
			buildConfigurationList = FC7967B71ED3D6F800FE4AAA /* Build configuration list for PBXProject "Deitel - Client Data" */;
			compatibilityVersion = "Xcode 3.2";
			developmentRegion = English;
			hasScannedForEncodings = 0;
			knownRegions = (
				en,
			);
			mainGroup = FC7967B31ED3D6F800FE4AAA;
			productRefGroup = FC7967BD1ED3D6F800FE4AAA /* Products */;
			projectDirPath = "";
			projectRoot = "";
			targets = (
				FC7967BB1ED3D6F800FE4AAA /* Deitel - Client Data */,
			);
		};
/* End PBXProject section */

/* Begin PBXSourcesBuildPhase section */
		FC7967B81ED3D6F800FE4AAA /* Sources */ = {
			isa = PBXSourcesBuildPhase;
			buildActionMask = 2147483647;
			files = (
				FC7967C81ED3D71300FE4AAA /* ClientData.cpp in Sources */,
				FC7967C01ED3D6F800FE4AAA /* main.cpp in Sources */,
			);
			runOnlyForDeploymentPostprocessing = 0;
		};
/* End PBXSourcesBuildPhase section */

/* Begin XCBuildConfiguration section */
		FC7967C11ED3D6F800FE4AAA /* Debug */ = {
			isa = XCBuildConfiguration;
			buildSettings = {
				ALWAYS_SEARCH_USER_PATHS = NO;
				CLANG_ANALYZER_NONNULL = YES;
				CLANG_CXX_LANGUAGE_STANDARD = "gnu++0x";
				CLANG_CXX_LIBRARY = "libc++";
				CLANG_ENABLE_MODULES = YES;
				CLANG_ENABLE_OBJC_ARC = YES;
				CLANG_WARN_BOOL_CONVERSION = YES;
				CLANG_WARN_CONSTANT_CONVERSION = YES;
				CLANG_WARN_DIRECT_OBJC_ISA_USAGE = YES_ERROR;
				CLANG_WARN_DOCUMENTATION_COMMENTS = YES;
				CLANG_WARN_EMPTY_BODY = YES;
				CLANG_WARN_ENUM_CONVERSION = YES;
				CLANG_WARN_INFINITE_RECURSION = YES;
				CLANG_WARN_INT_CONVERSION = YES;
				CLANG_WARN_OBJC_ROOT_CLASS = YES_ERROR;
				CLANG_WARN_SUSPICIOUS_MOVE = YES;
				CLANG_WARN_UNREACHABLE_CODE = YES;
				CLANG_WARN__DUPLICATE_METHOD_MATCH = YES;
				CODE_SIGN_IDENTITY = "-";
				COPY_PHASE_STRIP = NO;
				DEBUG_INFORMATION_FORMAT = dwarf;
				ENABLE_STRICT_OBJC_MSGSEND = YES;
				ENABLE_TESTABILITY = YES;
				GCC_C_LANGUAGE_STANDARD = gnu99;
				GCC_DYNAMIC_NO_PIC = NO;
				GCC_NO_COMMON_BLOCKS = YES;
				GCC_OPTIMIZATION_LEVEL = 0;
				GCC_PREPROCESSOR_DEFINITIONS = (
					"DEBUG=1",
					"$(inherited)",
				);
				GCC_WARN_64_TO_32_BIT_CONVERSION = YES;
				GCC_WARN_ABOUT_RETURN_TYPE = YES_ERROR;
				GCC_WARN_UNDECLARED_SELECTOR = YES;
				GCC_WARN_UNINITIALIZED_AUTOS = YES_AGGRESSIVE;
				GCC_WARN_UNUSED_FUNCTION = YES;
				GCC_WARN_UNUSED_VARIABLE = YES;
				MACOSX_DEPLOYMENT_TARGET = 10.11;
				MTL_ENABLE_DEBUG_INFO = YES;
				ONLY_ACTIVE_ARCH = YES;
				SDKROOT = macosx;
			};
			name = Debug;
		};
		FC7967C21ED3D6F800FE4AAA /* Release */ = {
			isa = XCBuildConfiguration;
			buildSettings = {
				ALWAYS_SEARCH_USER_PATHS = NO;
				CLANG_ANALYZER_NONNULL = YES;
				CLANG_CXX_LANGUAGE_STANDARD = "gnu++0x";
				CLANG_CXX_LIBRARY = "libc++";
				CLANG_ENABLE_MODULES = YES;
				CLANG_ENABLE_OBJC_ARC = YES;
				CLANG_WARN_BOOL_CONVERSION = YES;
				CLANG_WARN_CONSTANT_CONVERSION = YES;
				CLANG_WARN_DIRECT_OBJC_ISA_USAGE = YES_ERROR;
				CLANG_WARN_DOCUMENTATION_COMMENTS = YES;
				CLANG_WARN_EMPTY_BODY = YES;
				CLANG_WARN_ENUM_CONVERSION = YES;
				CLANG_WARN_INFINITE_RECURSION = YES;
				CLANG_WARN_INT_CONVERSION = YES;
				CLANG_WARN_OBJC_ROOT_CLASS = YES_ERROR;
				CLANG_WARN_SUSPICIOUS_MOVE = YES;
				CLANG_WARN_UNREACHABLE_CODE = YES;
				CLANG_WARN__DUPLICATE_METHOD_MATCH = YES;
				CODE_SIGN_IDENTITY = "-";
				COPY_PHASE_STRIP = NO;
				DEBUG_INFORMATION_FORMAT = "dwarf-with-dsym";
				ENABLE_NS_ASSERTIONS = NO;
				ENABLE_STRICT_OBJC_MSGSEND = YES;
				GCC_C_LANGUAGE_STANDARD = gnu99;
				GCC_NO_COMMON_BLOCKS = YES;
				GCC_WARN_64_TO_32_BIT_CONVERSION = YES;
				GCC_WARN_ABOUT_RETURN_TYPE = YES_ERROR;
				GCC_WARN_UNDECLARED_SELECTOR = YES;
				GCC_WARN_UNINITIALIZED_AUTOS = YES_AGGRESSIVE;
				GCC_WARN_UNUSED_FUNCTION = YES;
				GCC_WARN_UNUSED_VARIABLE = YES;
				MACOSX_DEPLOYMENT_TARGET = 10.11;
				MTL_ENABLE_DEBUG_INFO = NO;
				SDKROOT = macosx;
			};
			name = Release;
		};
		FC7967C41ED3D6F800FE4AAA /* Debug */ = {
			isa = XCBuildConfiguration;
			buildSettings = {
				PRODUCT_NAME = "$(TARGET_NAME)";
			};
			name = Debug;
		};
		FC7967C51ED3D6F800FE4AAA /* Release */ = {
			isa = XCBuildConfiguration;
			buildSettings = {
				PRODUCT_NAME = "$(TARGET_NAME)";
			};
			name = Release;
		};
/* End XCBuildConfiguration section */

/* Begin XCConfigurationList section */
		FC7967B71ED3D6F800FE4AAA /* Build configuration list for PBXProject "Deitel - Client Data" */ = {
			isa = XCConfigurationList;
			buildConfigurations = (
				FC7967C11ED3D6F800FE4AAA /* Debug */,
				FC7967C21ED3D6F800FE4AAA /* Release */,
			);
			defaultConfigurationIsVisible = 0;
			defaultConfigurationName = Release;
		};
		FC7967C31ED3D6F800FE4AAA /* Build configuration list for PBXNativeTarget "Deitel - Client Data" */ = {
			isa = XCConfigurationList;
			buildConfigurations = (
				FC7967C41ED3D6F800FE4AAA /* Debug */,
				FC7967C51ED3D6F800FE4AAA /* Release */,
			);
			defaultConfigurationIsVisible = 0;
		};
/* End XCConfigurationList section */
	};
	rootObject = FC7967B41ED3D6F800FE4AAA /* Project object */;
}
