// !$*UTF8*$!
{
	archiveVersion = 1;
	classes = {
	};
	objectVersion = 46;
	objects = {

/* Begin PBXBuildFile section */
		FC7967A41ED3B6DB00FE4AAA /* main.cpp in Sources */ = {isa = PBXBuildFile; fileRef = FC7967A31ED3B6DB00FE4AAA /* main.cpp */; };
		FC7967AC1ED3B72E00FE4AAA /* OvernightPackage.cpp in Sources */ = {isa = PBXBuildFile; fileRef = FC7967AA1ED3B72E00FE4AAA /* OvernightPackage.cpp */; };
		FC7967AF1ED3B74800FE4AAA /* Package.cpp in Sources */ = {isa = PBXBuildFile; fileRef = FC7967AD1ED3B74800FE4AAA /* Package.cpp */; };
		FC7967B21ED3B76A00FE4AAA /* TwoDayPackage.cpp in Sources */ = {isa = PBXBuildFile; fileRef = FC7967B01ED3B76A00FE4AAA /* TwoDayPackage.cpp */; };
/* End PBXBuildFile section */

/* Begin PBXCopyFilesBuildPhase section */
		FC79679E1ED3B6DB00FE4AAA /* CopyFiles */ = {
			isa = PBXCopyFilesBuildPhase;
			buildActionMask = 2147483647;
			dstPath = /usr/share/man/man1/;
			dstSubfolderSpec = 0;
			files = (
			);
			runOnlyForDeploymentPostprocessing = 1;
		};
/* End PBXCopyFilesBuildPhase section */

/* Begin PBXFileReference section */
		FC7967A01ED3B6DB00FE4AAA /* Deitel - Packages */ = {isa = PBXFileReference; explicitFileType = "compiled.mach-o.executable"; includeInIndex = 0; path = "Deitel - Packages"; sourceTree = BUILT_PRODUCTS_DIR; };
		FC7967A31ED3B6DB00FE4AAA /* main.cpp */ = {isa = PBXFileReference; lastKnownFileType = sourcecode.cpp.cpp; path = main.cpp; sourceTree = "<group>"; };
		FC7967AA1ED3B72E00FE4AAA /* OvernightPackage.cpp */ = {isa = PBXFileReference; fileEncoding = 4; lastKnownFileType = sourcecode.cpp.cpp; path = OvernightPackage.cpp; sourceTree = "<group>"; };
		FC7967AB1ED3B72E00FE4AAA /* OvernightPackage.h */ = {isa = PBXFileReference; fileEncoding = 4; lastKnownFileType = sourcecode.c.h; path = OvernightPackage.h; sourceTree = "<group>"; };
		FC7967AD1ED3B74800FE4AAA /* Package.cpp */ = {isa = PBXFileReference; fileEncoding = 4; lastKnownFileType = sourcecode.cpp.cpp; path = Package.cpp; sourceTree = "<group>"; };
		FC7967AE1ED3B74800FE4AAA /* Package.h */ = {isa = PBXFileReference; fileEncoding = 4; lastKnownFileType = sourcecode.c.h; path = Package.h; sourceTree = "<group>"; };
		FC7967B01ED3B76A00FE4AAA /* TwoDayPackage.cpp */ = {isa = PBXFileReference; fileEncoding = 4; lastKnownFileType = sourcecode.cpp.cpp; path = TwoDayPackage.cpp; sourceTree = "<group>"; };
		FC7967B11ED3B76A00FE4AAA /* TwoDayPackage.h */ = {isa = PBXFileReference; fileEncoding = 4; lastKnownFileType = sourcecode.c.h; path = TwoDayPackage.h; sourceTree = "<group>"; };
/* End PBXFileReference section */

/* Begin PBXFrameworksBuildPhase section */
		FC79679D1ED3B6DB00FE4AAA /* Frameworks */ = {
			isa = PBXFrameworksBuildPhase;
			buildActionMask = 2147483647;
			files = (
			);
			runOnlyForDeploymentPostprocessing = 0;
		};
/* End PBXFrameworksBuildPhase section */

/* Begin PBXGroup section */
		FC7967971ED3B6DA00FE4AAA = {
			isa = PBXGroup;
			children = (
				FC7967A21ED3B6DB00FE4AAA /* Deitel - Packages */,
				FC7967A11ED3B6DB00FE4AAA /* Products */,
			);
			sourceTree = "<group>";
		};
		FC7967A11ED3B6DB00FE4AAA /* Products */ = {
			isa = PBXGroup;
			children = (
				FC7967A01ED3B6DB00FE4AAA /* Deitel - Packages */,
			);
			name = Products;
			sourceTree = "<group>";
		};
		FC7967A21ED3B6DB00FE4AAA /* Deitel - Packages */ = {
			isa = PBXGroup;
			children = (
				FC7967A31ED3B6DB00FE4AAA /* main.cpp */,
				FC7967AE1ED3B74800FE4AAA /* Package.h */,
				FC7967AD1ED3B74800FE4AAA /* Package.cpp */,
				FC7967AB1ED3B72E00FE4AAA /* OvernightPackage.h */,
				FC7967AA1ED3B72E00FE4AAA /* OvernightPackage.cpp */,
				FC7967B11ED3B76A00FE4AAA /* TwoDayPackage.h */,
				FC7967B01ED3B76A00FE4AAA /* TwoDayPackage.cpp */,
			);
			path = "Deitel - Packages";
			sourceTree = "<group>";
		};
/* End PBXGroup section */

/* Begin PBXNativeTarget section */
		FC79679F1ED3B6DB00FE4AAA /* Deitel - Packages */ = {
			isa = PBXNativeTarget;
			buildConfigurationList = FC7967A71ED3B6DB00FE4AAA /* Build configuration list for PBXNativeTarget "Deitel - Packages" */;
			buildPhases = (
				FC79679C1ED3B6DB00FE4AAA /* Sources */,
				FC79679D1ED3B6DB00FE4AAA /* Frameworks */,
				FC79679E1ED3B6DB00FE4AAA /* CopyFiles */,
			);
			buildRules = (
			);
			dependencies = (
			);
			name = "Deitel - Packages";
			productName = "Deitel - Packages";
			productReference = FC7967A01ED3B6DB00FE4AAA /* Deitel - Packages */;
			productType = "com.apple.product-type.tool";
		};
/* End PBXNativeTarget section */

/* Begin PBXProject section */
		FC7967981ED3B6DA00FE4AAA /* Project object */ = {
			isa = PBXProject;
			attributes = {
				LastUpgradeCheck = 0820;
				ORGANIZATIONNAME = "Rafael Pagan";
				TargetAttributes = {
					FC79679F1ED3B6DB00FE4AAA = {
						CreatedOnToolsVersion = 8.2.1;
						ProvisioningStyle = Automatic;
					};
				};
			};
			buildConfigurationList = FC79679B1ED3B6DA00FE4AAA /* Build configuration list for PBXProject "Deitel - Packages" */;
			compatibilityVersion = "Xcode 3.2";
			developmentRegion = English;
			hasScannedForEncodings = 0;
			knownRegions = (
				en,
			);
			mainGroup = FC7967971ED3B6DA00FE4AAA;
			productRefGroup = FC7967A11ED3B6DB00FE4AAA /* Products */;
			projectDirPath = "";
			projectRoot = "";
			targets = (
				FC79679F1ED3B6DB00FE4AAA /* Deitel - Packages */,
			);
		};
/* End PBXProject section */

/* Begin PBXSourcesBuildPhase section */
		FC79679C1ED3B6DB00FE4AAA /* Sources */ = {
			isa = PBXSourcesBuildPhase;
			buildActionMask = 2147483647;
			files = (
				FC7967A41ED3B6DB00FE4AAA /* main.cpp in Sources */,
				FC7967AF1ED3B74800FE4AAA /* Package.cpp in Sources */,
				FC7967B21ED3B76A00FE4AAA /* TwoDayPackage.cpp in Sources */,
				FC7967AC1ED3B72E00FE4AAA /* OvernightPackage.cpp in Sources */,
			);
			runOnlyForDeploymentPostprocessing = 0;
		};
/* End PBXSourcesBuildPhase section */

/* Begin XCBuildConfiguration section */
		FC7967A51ED3B6DB00FE4AAA /* Debug */ = {
			isa = XCBuildConfiguration;
			buildSettings = {
				ALWAYS_SEARCH_USER_PATHS = NO;
				CLANG_ANALYZER_NONNULL = YES;
				CLANG_CXX_LANGUAGE_STANDARD = "gnu++0x";
				CLANG_CXX_LIBRARY = "libc++";
				CLANG_ENABLE_MODULES = YES;
				CLANG_ENABLE_OBJC_ARC = YES;
				CLANG_WARN_BOOL_CONVERSION = YES;
				CLANG_WARN_CONSTANT_CONVERSION = YES;
				CLANG_WARN_DIRECT_OBJC_ISA_USAGE = YES_ERROR;
				CLANG_WARN_DOCUMENTATION_COMMENTS = YES;
				CLANG_WARN_EMPTY_BODY = YES;
				CLANG_WARN_ENUM_CONVERSION = YES;
				CLANG_WARN_INFINITE_RECURSION = YES;
				CLANG_WARN_INT_CONVERSION = YES;
				CLANG_WARN_OBJC_ROOT_CLASS = YES_ERROR;
				CLANG_WARN_SUSPICIOUS_MOVE = YES;
				CLANG_WARN_UNREACHABLE_CODE = YES;
				CLANG_WARN__DUPLICATE_METHOD_MATCH = YES;
				CODE_SIGN_IDENTITY = "-";
				COPY_PHASE_STRIP = NO;
				DEBUG_INFORMATION_FORMAT = dwarf;
				ENABLE_STRICT_OBJC_MSGSEND = YES;
				ENABLE_TESTABILITY = YES;
				GCC_C_LANGUAGE_STANDARD = gnu99;
				GCC_DYNAMIC_NO_PIC = NO;
				GCC_NO_COMMON_BLOCKS = YES;
				GCC_OPTIMIZATION_LEVEL = 0;
				GCC_PREPROCESSOR_DEFINITIONS = (
					"DEBUG=1",
					"$(inherited)",
				);
				GCC_WARN_64_TO_32_BIT_CONVERSION = YES;
				GCC_WARN_ABOUT_RETURN_TYPE = YES_ERROR;
				GCC_WARN_UNDECLARED_SELECTOR = YES;
				GCC_WARN_UNINITIALIZED_AUTOS = YES_AGGRESSIVE;
				GCC_WARN_UNUSED_FUNCTION = YES;
				GCC_WARN_UNUSED_VARIABLE = YES;
				MACOSX_DEPLOYMENT_TARGET = 10.11;
				MTL_ENABLE_DEBUG_INFO = YES;
				ONLY_ACTIVE_ARCH = YES;
				SDKROOT = macosx;
			};
			name = Debug;
		};
		FC7967A61ED3B6DB00FE4AAA /* Release */ = {
			isa = XCBuildConfiguration;
			buildSettings = {
				ALWAYS_SEARCH_USER_PATHS = NO;
				CLANG_ANALYZER_NONNULL = YES;
				CLANG_CXX_LANGUAGE_STANDARD = "gnu++0x";
				CLANG_CXX_LIBRARY = "libc++";
				CLANG_ENABLE_MODULES = YES;
				CLANG_ENABLE_OBJC_ARC = YES;
				CLANG_WARN_BOOL_CONVERSION = YES;
				CLANG_WARN_CONSTANT_CONVERSION = YES;
				CLANG_WARN_DIRECT_OBJC_ISA_USAGE = YES_ERROR;
				CLANG_WARN_DOCUMENTATION_COMMENTS = YES;
				CLANG_WARN_EMPTY_BODY = YES;
				CLANG_WARN_ENUM_CONVERSION = YES;
				CLANG_WARN_INFINITE_RECURSION = YES;
				CLANG_WARN_INT_CONVERSION = YES;
				CLANG_WARN_OBJC_ROOT_CLASS = YES_ERROR;
				CLANG_WARN_SUSPICIOUS_MOVE = YES;
				CLANG_WARN_UNREACHABLE_CODE = YES;
				CLANG_WARN__DUPLICATE_METHOD_MATCH = YES;
				CODE_SIGN_IDENTITY = "-";
				COPY_PHASE_STRIP = NO;
				DEBUG_INFORMATION_FORMAT = "dwarf-with-dsym";
				ENABLE_NS_ASSERTIONS = NO;
				ENABLE_STRICT_OBJC_MSGSEND = YES;
				GCC_C_LANGUAGE_STANDARD = gnu99;
				GCC_NO_COMMON_BLOCKS = YES;
				GCC_WARN_64_TO_32_BIT_CONVERSION = YES;
				GCC_WARN_ABOUT_RETURN_TYPE = YES_ERROR;
				GCC_WARN_UNDECLARED_SELECTOR = YES;
				GCC_WARN_UNINITIALIZED_AUTOS = YES_AGGRESSIVE;
				GCC_WARN_UNUSED_FUNCTION = YES;
				GCC_WARN_UNUSED_VARIABLE = YES;
				MACOSX_DEPLOYMENT_TARGET = 10.11;
				MTL_ENABLE_DEBUG_INFO = NO;
				SDKROOT = macosx;
			};
			name = Release;
		};
		FC7967A81ED3B6DB00FE4AAA /* Debug */ = {
			isa = XCBuildConfiguration;
			buildSettings = {
				PRODUCT_NAME = "$(TARGET_NAME)";
			};
			name = Debug;
		};
		FC7967A91ED3B6DB00FE4AAA /* Release */ = {
			isa = XCBuildConfiguration;
			buildSettings = {
				PRODUCT_NAME = "$(TARGET_NAME)";
			};
			name = Release;
		};
/* End XCBuildConfiguration section */

/* Begin XCConfigurationList section */
		FC79679B1ED3B6DA00FE4AAA /* Build configuration list for PBXProject "Deitel - Packages" */ = {
			isa = XCConfigurationList;
			buildConfigurations = (
				FC7967A51ED3B6DB00FE4AAA /* Debug */,
				FC7967A61ED3B6DB00FE4AAA /* Release */,
			);
			defaultConfigurationIsVisible = 0;
			defaultConfigurationName = Release;
		};
		FC7967A71ED3B6DB00FE4AAA /* Build configuration list for PBXNativeTarget "Deitel - Packages" */ = {
			isa = XCConfigurationList;
			buildConfigurations = (
				FC7967A81ED3B6DB00FE4AAA /* Debug */,
				FC7967A91ED3B6DB00FE4AAA /* Release */,
			);
			defaultConfigurationIsVisible = 0;
		};
/* End XCConfigurationList section */
	};
	rootObject = FC7967981ED3B6DA00FE4AAA /* Project object */;
}
