// !$*UTF8*$!
{
	archiveVersion = 1;
	classes = {
	};
	objectVersion = 46;
	objects = {

/* Begin PBXBuildFile section */
		FCEF90FC1E77BD9600C1FDC0 /* main.cpp in Sources */ = {isa = PBXBuildFile; fileRef = FCEF90FB1E77BD9600C1FDC0 /* main.cpp */; };
		FCEF91041E77BDB000C1FDC0 /* Rational.cpp in Sources */ = {isa = PBXBuildFile; fileRef = FCEF91021E77BDB000C1FDC0 /* Rational.cpp */; };
/* End PBXBuildFile section */

/* Begin PBXCopyFilesBuildPhase section */
		FCEF90F61E77BD9600C1FDC0 /* CopyFiles */ = {
			isa = PBXCopyFilesBuildPhase;
			buildActionMask = 2147483647;
			dstPath = /usr/share/man/man1/;
			dstSubfolderSpec = 0;
			files = (
			);
			runOnlyForDeploymentPostprocessing = 1;
		};
/* End PBXCopyFilesBuildPhase section */

/* Begin PBXFileReference section */
		FCEF90F81E77BD9600C1FDC0 /* Tarea 2 - Talavera - Rational Class */ = {isa = PBXFileReference; explicitFileType = "compiled.mach-o.executable"; includeInIndex = 0; path = "Tarea 2 - Talavera - Rational Class"; sourceTree = BUILT_PRODUCTS_DIR; };
		FCEF90FB1E77BD9600C1FDC0 /* main.cpp */ = {isa = PBXFileReference; lastKnownFileType = sourcecode.cpp.cpp; path = main.cpp; sourceTree = "<group>"; };
		FCEF91021E77BDB000C1FDC0 /* Rational.cpp */ = {isa = PBXFileReference; fileEncoding = 4; lastKnownFileType = sourcecode.cpp.cpp; path = Rational.cpp; sourceTree = "<group>"; };
		FCEF91031E77BDB000C1FDC0 /* Rational.h */ = {isa = PBXFileReference; fileEncoding = 4; lastKnownFileType = sourcecode.c.h; path = Rational.h; sourceTree = "<group>"; };
/* End PBXFileReference section */

/* Begin PBXFrameworksBuildPhase section */
		FCEF90F51E77BD9600C1FDC0 /* Frameworks */ = {
			isa = PBXFrameworksBuildPhase;
			buildActionMask = 2147483647;
			files = (
			);
			runOnlyForDeploymentPostprocessing = 0;
		};
/* End PBXFrameworksBuildPhase section */

/* Begin PBXGroup section */
		FCEF90EF1E77BD9600C1FDC0 = {
			isa = PBXGroup;
			children = (
				FCEF90FA1E77BD9600C1FDC0 /* Tarea 2 - Talavera - Rational Class */,
				FCEF90F91E77BD9600C1FDC0 /* Products */,
			);
			sourceTree = "<group>";
		};
		FCEF90F91E77BD9600C1FDC0 /* Products */ = {
			isa = PBXGroup;
			children = (
				FCEF90F81E77BD9600C1FDC0 /* Tarea 2 - Talavera - Rational Class */,
			);
			name = Products;
			sourceTree = "<group>";
		};
		FCEF90FA1E77BD9600C1FDC0 /* Tarea 2 - Talavera - Rational Class */ = {
			isa = PBXGroup;
			children = (
				FCEF90FB1E77BD9600C1FDC0 /* main.cpp */,
				FCEF91031E77BDB000C1FDC0 /* Rational.h */,
				FCEF91021E77BDB000C1FDC0 /* Rational.cpp */,
			);
			path = "Tarea 2 - Talavera - Rational Class";
			sourceTree = "<group>";
		};
/* End PBXGroup section */

/* Begin PBXNativeTarget section */
		FCEF90F71E77BD9600C1FDC0 /* Tarea 2 - Talavera - Rational Class */ = {
			isa = PBXNativeTarget;
			buildConfigurationList = FCEF90FF1E77BD9600C1FDC0 /* Build configuration list for PBXNativeTarget "Tarea 2 - Talavera - Rational Class" */;
			buildPhases = (
				FCEF90F41E77BD9600C1FDC0 /* Sources */,
				FCEF90F51E77BD9600C1FDC0 /* Frameworks */,
				FCEF90F61E77BD9600C1FDC0 /* CopyFiles */,
			);
			buildRules = (
			);
			dependencies = (
			);
			name = "Tarea 2 - Talavera - Rational Class";
			productName = "Tarea 2 - Talavera - Rational Class";
			productReference = FCEF90F81E77BD9600C1FDC0 /* Tarea 2 - Talavera - Rational Class */;
			productType = "com.apple.product-type.tool";
		};
/* End PBXNativeTarget section */

/* Begin PBXProject section */
		FCEF90F01E77BD9600C1FDC0 /* Project object */ = {
			isa = PBXProject;
			attributes = {
				LastUpgradeCheck = 0820;
				ORGANIZATIONNAME = "Rafael Pagan";
				TargetAttributes = {
					FCEF90F71E77BD9600C1FDC0 = {
						CreatedOnToolsVersion = 8.2.1;
						ProvisioningStyle = Automatic;
					};
				};
			};
			buildConfigurationList = FCEF90F31E77BD9600C1FDC0 /* Build configuration list for PBXProject "Tarea 2 - Talavera - Rational Class" */;
			compatibilityVersion = "Xcode 3.2";
			developmentRegion = English;
			hasScannedForEncodings = 0;
			knownRegions = (
				en,
			);
			mainGroup = FCEF90EF1E77BD9600C1FDC0;
			productRefGroup = FCEF90F91E77BD9600C1FDC0 /* Products */;
			projectDirPath = "";
			projectRoot = "";
			targets = (
				FCEF90F71E77BD9600C1FDC0 /* Tarea 2 - Talavera - Rational Class */,
			);
		};
/* End PBXProject section */

/* Begin PBXSourcesBuildPhase section */
		FCEF90F41E77BD9600C1FDC0 /* Sources */ = {
			isa = PBXSourcesBuildPhase;
			buildActionMask = 2147483647;
			files = (
				FCEF90FC1E77BD9600C1FDC0 /* main.cpp in Sources */,
				FCEF91041E77BDB000C1FDC0 /* Rational.cpp in Sources */,
			);
			runOnlyForDeploymentPostprocessing = 0;
		};
/* End PBXSourcesBuildPhase section */

/* Begin XCBuildConfiguration section */
		FCEF90FD1E77BD9600C1FDC0 /* Debug */ = {
			isa = XCBuildConfiguration;
			buildSettings = {
				ALWAYS_SEARCH_USER_PATHS = NO;
				CLANG_ANALYZER_NONNULL = YES;
				CLANG_CXX_LANGUAGE_STANDARD = "gnu++0x";
				CLANG_CXX_LIBRARY = "libc++";
				CLANG_ENABLE_MODULES = YES;
				CLANG_ENABLE_OBJC_ARC = YES;
				CLANG_WARN_BOOL_CONVERSION = YES;
				CLANG_WARN_CONSTANT_CONVERSION = YES;
				CLANG_WARN_DIRECT_OBJC_ISA_USAGE = YES_ERROR;
				CLANG_WARN_DOCUMENTATION_COMMENTS = YES;
				CLANG_WARN_EMPTY_BODY = YES;
				CLANG_WARN_ENUM_CONVERSION = YES;
				CLANG_WARN_INFINITE_RECURSION = YES;
				CLANG_WARN_INT_CONVERSION = YES;
				CLANG_WARN_OBJC_ROOT_CLASS = YES_ERROR;
				CLANG_WARN_SUSPICIOUS_MOVE = YES;
				CLANG_WARN_UNREACHABLE_CODE = YES;
				CLANG_WARN__DUPLICATE_METHOD_MATCH = YES;
				CODE_SIGN_IDENTITY = "-";
				COPY_PHASE_STRIP = NO;
				DEBUG_INFORMATION_FORMAT = dwarf;
				ENABLE_STRICT_OBJC_MSGSEND = YES;
				ENABLE_TESTABILITY = YES;
				GCC_C_LANGUAGE_STANDARD = gnu99;
				GCC_DYNAMIC_NO_PIC = NO;
				GCC_NO_COMMON_BLOCKS = YES;
				GCC_OPTIMIZATION_LEVEL = 0;
				GCC_PREPROCESSOR_DEFINITIONS = (
					"DEBUG=1",
					"$(inherited)",
				);
				GCC_WARN_64_TO_32_BIT_CONVERSION = YES;
				GCC_WARN_ABOUT_RETURN_TYPE = YES_ERROR;
				GCC_WARN_UNDECLARED_SELECTOR = YES;
				GCC_WARN_UNINITIALIZED_AUTOS = YES_AGGRESSIVE;
				GCC_WARN_UNUSED_FUNCTION = YES;
				GCC_WARN_UNUSED_VARIABLE = YES;
				MACOSX_DEPLOYMENT_TARGET = 10.11;
				MTL_ENABLE_DEBUG_INFO = YES;
				ONLY_ACTIVE_ARCH = YES;
				SDKROOT = macosx;
			};
			name = Debug;
		};
		FCEF90FE1E77BD9600C1FDC0 /* Release */ = {
			isa = XCBuildConfiguration;
			buildSettings = {
				ALWAYS_SEARCH_USER_PATHS = NO;
				CLANG_ANALYZER_NONNULL = YES;
				CLANG_CXX_LANGUAGE_STANDARD = "gnu++0x";
				CLANG_CXX_LIBRARY = "libc++";
				CLANG_ENABLE_MODULES = YES;
				CLANG_ENABLE_OBJC_ARC = YES;
				CLANG_WARN_BOOL_CONVERSION = YES;
				CLANG_WARN_CONSTANT_CONVERSION = YES;
				CLANG_WARN_DIRECT_OBJC_ISA_USAGE = YES_ERROR;
				CLANG_WARN_DOCUMENTATION_COMMENTS = YES;
				CLANG_WARN_EMPTY_BODY = YES;
				CLANG_WARN_ENUM_CONVERSION = YES;
				CLANG_WARN_INFINITE_RECURSION = YES;
				CLANG_WARN_INT_CONVERSION = YES;
				CLANG_WARN_OBJC_ROOT_CLASS = YES_ERROR;
				CLANG_WARN_SUSPICIOUS_MOVE = YES;
				CLANG_WARN_UNREACHABLE_CODE = YES;
				CLANG_WARN__DUPLICATE_METHOD_MATCH = YES;
				CODE_SIGN_IDENTITY = "-";
				COPY_PHASE_STRIP = NO;
				DEBUG_INFORMATION_FORMAT = "dwarf-with-dsym";
				ENABLE_NS_ASSERTIONS = NO;
				ENABLE_STRICT_OBJC_MSGSEND = YES;
				GCC_C_LANGUAGE_STANDARD = gnu99;
				GCC_NO_COMMON_BLOCKS = YES;
				GCC_WARN_64_TO_32_BIT_CONVERSION = YES;
				GCC_WARN_ABOUT_RETURN_TYPE = YES_ERROR;
				GCC_WARN_UNDECLARED_SELECTOR = YES;
				GCC_WARN_UNINITIALIZED_AUTOS = YES_AGGRESSIVE;
				GCC_WARN_UNUSED_FUNCTION = YES;
				GCC_WARN_UNUSED_VARIABLE = YES;
				MACOSX_DEPLOYMENT_TARGET = 10.11;
				MTL_ENABLE_DEBUG_INFO = NO;
				SDKROOT = macosx;
			};
			name = Release;
		};
		FCEF91001E77BD9600C1FDC0 /* Debug */ = {
			isa = XCBuildConfiguration;
			buildSettings = {
				PRODUCT_NAME = "$(TARGET_NAME)";
			};
			name = Debug;
		};
		FCEF91011E77BD9600C1FDC0 /* Release */ = {
			isa = XCBuildConfiguration;
			buildSettings = {
				PRODUCT_NAME = "$(TARGET_NAME)";
			};
			name = Release;
		};
/* End XCBuildConfiguration section */

/* Begin XCConfigurationList section */
		FCEF90F31E77BD9600C1FDC0 /* Build configuration list for PBXProject "Tarea 2 - Talavera - Rational Class" */ = {
			isa = XCConfigurationList;
			buildConfigurations = (
				FCEF90FD1E77BD9600C1FDC0 /* Debug */,
				FCEF90FE1E77BD9600C1FDC0 /* Release */,
			);
			defaultConfigurationIsVisible = 0;
			defaultConfigurationName = Release;
		};
		FCEF90FF1E77BD9600C1FDC0 /* Build configuration list for PBXNativeTarget "Tarea 2 - Talavera - Rational Class" */ = {
			isa = XCConfigurationList;
			buildConfigurations = (
				FCEF91001E77BD9600C1FDC0 /* Debug */,
				FCEF91011E77BD9600C1FDC0 /* Release */,
			);
			defaultConfigurationIsVisible = 0;
		};
/* End XCConfigurationList section */
	};
	rootObject = FCEF90F01E77BD9600C1FDC0 /* Project object */;
}
