// !$*UTF8*$!
{
	archiveVersion = 1;
	classes = {
	};
	objectVersion = 46;
	objects = {

/* Begin PBXBuildFile section */
		FC9F9ABE1ECE5FDB00813D10 /* main.cpp in Sources */ = {isa = PBXBuildFile; fileRef = FC9F9ABD1ECE5FDB00813D10 /* main.cpp */; };
		FC9F9AC61ECE600000813D10 /* Bin.cpp in Sources */ = {isa = PBXBuildFile; fileRef = FC9F9AC41ECE600000813D10 /* Bin.cpp */; };
/* End PBXBuildFile section */

/* Begin PBXCopyFilesBuildPhase section */
		FC9F9AB81ECE5FDB00813D10 /* CopyFiles */ = {
			isa = PBXCopyFilesBuildPhase;
			buildActionMask = 2147483647;
			dstPath = /usr/share/man/man1/;
			dstSubfolderSpec = 0;
			files = (
			);
			runOnlyForDeploymentPostprocessing = 1;
		};
/* End PBXCopyFilesBuildPhase section */

/* Begin PBXFileReference section */
		FC9F9ABA1ECE5FDB00813D10 /* Bins */ = {isa = PBXFileReference; explicitFileType = "compiled.mach-o.executable"; includeInIndex = 0; path = Bins; sourceTree = BUILT_PRODUCTS_DIR; };
		FC9F9ABD1ECE5FDB00813D10 /* main.cpp */ = {isa = PBXFileReference; lastKnownFileType = sourcecode.cpp.cpp; path = main.cpp; sourceTree = "<group>"; };
		FC9F9AC41ECE600000813D10 /* Bin.cpp */ = {isa = PBXFileReference; fileEncoding = 4; lastKnownFileType = sourcecode.cpp.cpp; path = Bin.cpp; sourceTree = "<group>"; };
		FC9F9AC51ECE600000813D10 /* Bin.h */ = {isa = PBXFileReference; fileEncoding = 4; lastKnownFileType = sourcecode.c.h; path = Bin.h; sourceTree = "<group>"; };
/* End PBXFileReference section */

/* Begin PBXFrameworksBuildPhase section */
		FC9F9AB71ECE5FDB00813D10 /* Frameworks */ = {
			isa = PBXFrameworksBuildPhase;
			buildActionMask = 2147483647;
			files = (
			);
			runOnlyForDeploymentPostprocessing = 0;
		};
/* End PBXFrameworksBuildPhase section */

/* Begin PBXGroup section */
		FC9F9AB11ECE5FDB00813D10 = {
			isa = PBXGroup;
			children = (
				FC9F9ABC1ECE5FDB00813D10 /* Bins */,
				FC9F9ABB1ECE5FDB00813D10 /* Products */,
			);
			sourceTree = "<group>";
		};
		FC9F9ABB1ECE5FDB00813D10 /* Products */ = {
			isa = PBXGroup;
			children = (
				FC9F9ABA1ECE5FDB00813D10 /* Bins */,
			);
			name = Products;
			sourceTree = "<group>";
		};
		FC9F9ABC1ECE5FDB00813D10 /* Bins */ = {
			isa = PBXGroup;
			children = (
				FC9F9ABD1ECE5FDB00813D10 /* main.cpp */,
				FC9F9AC51ECE600000813D10 /* Bin.h */,
				FC9F9AC41ECE600000813D10 /* Bin.cpp */,
			);
			path = Bins;
			sourceTree = "<group>";
		};
/* End PBXGroup section */

/* Begin PBXNativeTarget section */
		FC9F9AB91ECE5FDB00813D10 /* Bins */ = {
			isa = PBXNativeTarget;
			buildConfigurationList = FC9F9AC11ECE5FDB00813D10 /* Build configuration list for PBXNativeTarget "Bins" */;
			buildPhases = (
				FC9F9AB61ECE5FDB00813D10 /* Sources */,
				FC9F9AB71ECE5FDB00813D10 /* Frameworks */,
				FC9F9AB81ECE5FDB00813D10 /* CopyFiles */,
			);
			buildRules = (
			);
			dependencies = (
			);
			name = Bins;
			productName = Bins;
			productReference = FC9F9ABA1ECE5FDB00813D10 /* Bins */;
			productType = "com.apple.product-type.tool";
		};
/* End PBXNativeTarget section */

/* Begin PBXProject section */
		FC9F9AB21ECE5FDB00813D10 /* Project object */ = {
			isa = PBXProject;
			attributes = {
				LastUpgradeCheck = 0820;
				ORGANIZATIONNAME = "Rafael Pagan";
				TargetAttributes = {
					FC9F9AB91ECE5FDB00813D10 = {
						CreatedOnToolsVersion = 8.2.1;
						ProvisioningStyle = Automatic;
					};
				};
			};
			buildConfigurationList = FC9F9AB51ECE5FDB00813D10 /* Build configuration list for PBXProject "Bins" */;
			compatibilityVersion = "Xcode 3.2";
			developmentRegion = English;
			hasScannedForEncodings = 0;
			knownRegions = (
				en,
			);
			mainGroup = FC9F9AB11ECE5FDB00813D10;
			productRefGroup = FC9F9ABB1ECE5FDB00813D10 /* Products */;
			projectDirPath = "";
			projectRoot = "";
			targets = (
				FC9F9AB91ECE5FDB00813D10 /* Bins */,
			);
		};
/* End PBXProject section */

/* Begin PBXSourcesBuildPhase section */
		FC9F9AB61ECE5FDB00813D10 /* Sources */ = {
			isa = PBXSourcesBuildPhase;
			buildActionMask = 2147483647;
			files = (
				FC9F9ABE1ECE5FDB00813D10 /* main.cpp in Sources */,
				FC9F9AC61ECE600000813D10 /* Bin.cpp in Sources */,
			);
			runOnlyForDeploymentPostprocessing = 0;
		};
/* End PBXSourcesBuildPhase section */

/* Begin XCBuildConfiguration section */
		FC9F9ABF1ECE5FDB00813D10 /* Debug */ = {
			isa = XCBuildConfiguration;
			buildSettings = {
				ALWAYS_SEARCH_USER_PATHS = NO;
				CLANG_ANALYZER_NONNULL = YES;
				CLANG_CXX_LANGUAGE_STANDARD = "gnu++0x";
				CLANG_CXX_LIBRARY = "libc++";
				CLANG_ENABLE_MODULES = YES;
				CLANG_ENABLE_OBJC_ARC = YES;
				CLANG_WARN_BOOL_CONVERSION = YES;
				CLANG_WARN_CONSTANT_CONVERSION = YES;
				CLANG_WARN_DIRECT_OBJC_ISA_USAGE = YES_ERROR;
				CLANG_WARN_DOCUMENTATION_COMMENTS = YES;
				CLANG_WARN_EMPTY_BODY = YES;
				CLANG_WARN_ENUM_CONVERSION = YES;
				CLANG_WARN_INFINITE_RECURSION = YES;
				CLANG_WARN_INT_CONVERSION = YES;
				CLANG_WARN_OBJC_ROOT_CLASS = YES_ERROR;
				CLANG_WARN_SUSPICIOUS_MOVE = YES;
				CLANG_WARN_UNREACHABLE_CODE = YES;
				CLANG_WARN__DUPLICATE_METHOD_MATCH = YES;
				CODE_SIGN_IDENTITY = "-";
				COPY_PHASE_STRIP = NO;
				DEBUG_INFORMATION_FORMAT = dwarf;
				ENABLE_STRICT_OBJC_MSGSEND = YES;
				ENABLE_TESTABILITY = YES;
				GCC_C_LANGUAGE_STANDARD = gnu99;
				GCC_DYNAMIC_NO_PIC = NO;
				GCC_NO_COMMON_BLOCKS = YES;
				GCC_OPTIMIZATION_LEVEL = 0;
				GCC_PREPROCESSOR_DEFINITIONS = (
					"DEBUG=1",
					"$(inherited)",
				);
				GCC_WARN_64_TO_32_BIT_CONVERSION = YES;
				GCC_WARN_ABOUT_RETURN_TYPE = YES_ERROR;
				GCC_WARN_UNDECLARED_SELECTOR = YES;
				GCC_WARN_UNINITIALIZED_AUTOS = YES_AGGRESSIVE;
				GCC_WARN_UNUSED_FUNCTION = YES;
				GCC_WARN_UNUSED_VARIABLE = YES;
				MACOSX_DEPLOYMENT_TARGET = 10.11;
				MTL_ENABLE_DEBUG_INFO = YES;
				ONLY_ACTIVE_ARCH = YES;
				SDKROOT = macosx;
			};
			name = Debug;
		};
		FC9F9AC01ECE5FDB00813D10 /* Release */ = {
			isa = XCBuildConfiguration;
			buildSettings = {
				ALWAYS_SEARCH_USER_PATHS = NO;
				CLANG_ANALYZER_NONNULL = YES;
				CLANG_CXX_LANGUAGE_STANDARD = "gnu++0x";
				CLANG_CXX_LIBRARY = "libc++";
				CLANG_ENABLE_MODULES = YES;
				CLANG_ENABLE_OBJC_ARC = YES;
				CLANG_WARN_BOOL_CONVERSION = YES;
				CLANG_WARN_CONSTANT_CONVERSION = YES;
				CLANG_WARN_DIRECT_OBJC_ISA_USAGE = YES_ERROR;
				CLANG_WARN_DOCUMENTATION_COMMENTS = YES;
				CLANG_WARN_EMPTY_BODY = YES;
				CLANG_WARN_ENUM_CONVERSION = YES;
				CLANG_WARN_INFINITE_RECURSION = YES;
				CLANG_WARN_INT_CONVERSION = YES;
				CLANG_WARN_OBJC_ROOT_CLASS = YES_ERROR;
				CLANG_WARN_SUSPICIOUS_MOVE = YES;
				CLANG_WARN_UNREACHABLE_CODE = YES;
				CLANG_WARN__DUPLICATE_METHOD_MATCH = YES;
				CODE_SIGN_IDENTITY = "-";
				COPY_PHASE_STRIP = NO;
				DEBUG_INFORMATION_FORMAT = "dwarf-with-dsym";
				ENABLE_NS_ASSERTIONS = NO;
				ENABLE_STRICT_OBJC_MSGSEND = YES;
				GCC_C_LANGUAGE_STANDARD = gnu99;
				GCC_NO_COMMON_BLOCKS = YES;
				GCC_WARN_64_TO_32_BIT_CONVERSION = YES;
				GCC_WARN_ABOUT_RETURN_TYPE = YES_ERROR;
				GCC_WARN_UNDECLARED_SELECTOR = YES;
				GCC_WARN_UNINITIALIZED_AUTOS = YES_AGGRESSIVE;
				GCC_WARN_UNUSED_FUNCTION = YES;
				GCC_WARN_UNUSED_VARIABLE = YES;
				MACOSX_DEPLOYMENT_TARGET = 10.11;
				MTL_ENABLE_DEBUG_INFO = NO;
				SDKROOT = macosx;
			};
			name = Release;
		};
		FC9F9AC21ECE5FDB00813D10 /* Debug */ = {
			isa = XCBuildConfiguration;
			buildSettings = {
				PRODUCT_NAME = "$(TARGET_NAME)";
			};
			name = Debug;
		};
		FC9F9AC31ECE5FDB00813D10 /* Release */ = {
			isa = XCBuildConfiguration;
			buildSettings = {
				PRODUCT_NAME = "$(TARGET_NAME)";
			};
			name = Release;
		};
/* End XCBuildConfiguration section */

/* Begin XCConfigurationList section */
		FC9F9AB51ECE5FDB00813D10 /* Build configuration list for PBXProject "Bins" */ = {
			isa = XCConfigurationList;
			buildConfigurations = (
				FC9F9ABF1ECE5FDB00813D10 /* Debug */,
				FC9F9AC01ECE5FDB00813D10 /* Release */,
			);
			defaultConfigurationIsVisible = 0;
			defaultConfigurationName = Release;
		};
		FC9F9AC11ECE5FDB00813D10 /* Build configuration list for PBXNativeTarget "Bins" */ = {
			isa = XCConfigurationList;
			buildConfigurations = (
				FC9F9AC21ECE5FDB00813D10 /* Debug */,
				FC9F9AC31ECE5FDB00813D10 /* Release */,
			);
			defaultConfigurationIsVisible = 0;
		};
/* End XCConfigurationList section */
	};
	rootObject = FC9F9AB21ECE5FDB00813D10 /* Project object */;
}
